
Microsoft Visual Studio Solution File, Format Version 12.00
# Visual Studio Version 16
VisualStudioVersion = 16.0.30717.126
MinimumVisualStudioVersion = 10.0.40219.1
Project("{FAE04EC0-301F-11D3-BF4B-00C04F79EFBC}") = "consoleTask_6_3", "consoleTask_6_3\consoleTask_6_3.csproj", "{F2B71F8F-5BD6-422A-BBC7-AF501C2852E8}"
EndProject
Global
	GlobalSection(SolutionConfigurationPlatforms) = preSolution
		Debug|Any CPU = Debug|Any CPU
		Release|Any CPU = Release|Any CPU
	EndGlobalSection
	GlobalSection(ProjectConfigurationPlatforms) = postSolution
		{F2B71F8F-5BD6-422A-BBC7-AF501C2852E8}.Debug|Any CPU.ActiveCfg = Debug|Any CPU
		{F2B71F8F-5BD6-422A-BBC7-AF501C2852E8}.Debug|Any CPU.Build.0 = Debug|Any CPU
		{F2B71F8F-5BD6-422A-BBC7-AF501C2852E8}.Release|Any CPU.ActiveCfg = Release|Any CPU
		{F2B71F8F-5BD6-422A-BBC7-AF501C2852E8}.Release|Any CPU.Build.0 = Release|Any CPU
	EndGlobalSection
	GlobalSection(SolutionProperties) = preSolution
		HideSolutionNode = FALSE
	EndGlobalSection
	GlobalSection(ExtensibilityGlobals) = postSolution
		SolutionGuid = {F21CE1E0-5C4C-4039-9434-5E6979E65D60}
	EndGlobalSection
EndGlobal
